schema: '2.0'
stages:
  generate:
    cmd: python day_generator.py
    deps:
    - path: ../../../data/day.csv
      md5: 15c0da6f6da37eeaf5e70bbec14d1120
      size: 57569
    - path: day_generator.py
      md5: 89e2df19aa64e9eafe9f4e04549c89fc
      size: 3167
    params:
      params.yaml:
        day.mean: 1
        day.seed: 100
        day.split: 0.2
        day.std: 1
    outs:
    - path: out/days.csv
      md5: 92dadd757598e1b09633e47120c3532f
      size: 222
