schema: '2.0'
stages:
  run:
    cmd: python src/run.py
    deps:
    - path: data/ga_data_4217.csv
      md5: 94f5df557b6defeaf96faef1f008a599
      size: 569987
    - path: data/ga_data_7154.csv
      md5: 14896792f3bcad955276d07d9db60423
      size: 495530
    - path: data/ga_data_combined.csv
      md5: a8145d9a4fca177f5d009d3a3a64578e
      size: 1065385
    - path: data/hw_data_4217.csv
      md5: 1f9fd9c64652a2aeefa9cbf3ea10916f
      size: 584805
    - path: data/hw_data_7154.csv
      md5: b2d3398aafa6406a334aacbb4949d9fd
      size: 641770
    - path: data/hw_data_combined.csv
      md5: dc2117ec51579fc78faa29913512c70a
      size: 1226443
    - path: src/run.py
      md5: 743319d2ecb472f6fe779d66adaf599b
      size: 1763
    outs:
    - path: data/ga_data_4217_extended.csv
      md5: d3b64926516d11692d81821c3c8d7419
      size: 805551
    - path: data/ga_data_7154_extended.csv
      md5: 4c89a247aa1b4b7bc80f12c1ed70e168
      size: 700245
    - path: data/ga_data_combined_extended.csv
      md5: 505467e93598553aac9a06513031c9ce
      size: 1506715
    - path: data/hw_data_4217_extended.csv
      md5: 8a406e547a8a2a43c5d691dfb6c14161
      size: 826854
    - path: data/hw_data_7154_extended.csv
      md5: 83bdd255eeae23de25f6805302b1c964
      size: 907404
    - path: data/hw_data_combined_extended.csv
      md5: d042cd72310021e3b1c072d99aced17d
      size: 1735177
