schema: '2.0'
stages:
  generate:
    cmd: python forest_fire_generator.py
    deps:
    - path: ../../../data/forestfires.csv
      md5: 6a3e45dc816f3123f544fbec94a01559
      size: 25478
    - path: forest_fire_generator.py
      md5: 26ecfd2886bf40e91956f53e4492e362
      size: 2953
    params:
      params.yaml:
        forest_fires.mean: 1
        forest_fires.seed: 100
        forest_fires.split: 0.2
        forest_fires.std: 1
    outs:
    - path: out/forestfires.csv
      md5: bb841d8f8762395938ff917a90e13b03
      size: 218
