schema: '2.0'
stages:
  prepare:
    cmd: python src/prepare.py ../../../data/forestfires.csv data/prepared
    deps:
    - path: ../../../data/forestfires.csv
      md5: 6a3e45dc816f3123f544fbec94a01559
      size: 25478
    - path: src/prepare.py
      md5: 71763a36725fe2ec4c30803ceff7058d
      size: 916
    params:
      params.yaml:
        prepare.seed: 100
        prepare.split: 0.2
    outs:
    - path: data/prepared
      md5: ea3d49f15d618aa5094c8f8e7d2836bb.dir
      size: 28172
      nfiles: 2
  featurize:
    cmd: python src/featurization.py data/prepared data/features
    deps:
    - path: data/prepared
      md5: ea3d49f15d618aa5094c8f8e7d2836bb.dir
      size: 28172
      nfiles: 2
    - path: src/featurization.py
      md5: b09eb5defc473015b25e049e6ed6f316
      size: 1219
    params:
      params.yaml:
        featurize.mean: 1
        featurize.std: 1
    outs:
    - path: data/features
      md5: cf4f01ee627c8a792688f5074141a7a7.dir
      size: 113732
      nfiles: 2
  train:
    cmd: python src/train.py data/features model.pkl
    deps:
    - path: data/features
      md5: cf4f01ee627c8a792688f5074141a7a7.dir
      size: 113732
      nfiles: 2
    - path: src/train.py
      md5: 9ad23c31ea1c17a1fc3bfc1d01d67498
      size: 758
    params:
      params.yaml:
        train.min_split: 2
        train.n_est: 500
        train.seed: 100
    outs:
    - path: model.pkl
      md5: 9ec658dd8f8ec2932c90f4597783463f
      size: 13220355
  evaluate:
    cmd: python src/evaluate.py model.pkl data/features scores.json pred_actual.json
    deps:
    - path: data/features
      md5: cf4f01ee627c8a792688f5074141a7a7.dir
      size: 113732
      nfiles: 2
    - path: model.pkl
      md5: 9ec658dd8f8ec2932c90f4597783463f
      size: 13220355
    - path: src/evaluate.py
      md5: 84fb7e004421afd3fb1f20ad45952336
      size: 1049
    outs:
    - path: pred_actual.json
      md5: f432f465f12571a6a1998f9bab374504
      size: 11188
    - path: scores.json
      md5: 259a304ef044bcb63cbdf7b5ad5c88cc
      size: 66
